
Microsoft Visual Studio Solution File, Format Version 12.00
# Visual Studio Version 16
VisualStudioVersion = 16.0.30320.27
MinimumVisualStudioVersion = 10.0.40219.1
Project("{FAE04EC0-301F-11D3-BF4B-00C04F79EFBC}") = "WindowsFormsApp1", "WindowsFormsApp1\WindowsFormsApp1.csproj", "{C62D8E27-6FE1-46CA-A599-50B828FFD223}"
EndProject
Project("{FAE04EC0-301F-11D3-BF4B-00C04F79EFBC}") = "ConsoleApp2", "ConsoleApp2\ConsoleApp2.csproj", "{6D0C0F67-7273-4F9D-931F-0AB87C465658}"
EndProject
Global
	GlobalSection(SolutionConfigurationPlatforms) = preSolution
		Debug|Any CPU = Debug|Any CPU
		Release|Any CPU = Release|Any CPU
	EndGlobalSection
	GlobalSection(ProjectConfigurationPlatforms) = postSolution
		{C62D8E27-6FE1-46CA-A599-50B828FFD223}.Debug|Any CPU.ActiveCfg = Debug|Any CPU
		{C62D8E27-6FE1-46CA-A599-50B828FFD223}.Debug|Any CPU.Build.0 = Debug|Any CPU
		{C62D8E27-6FE1-46CA-A599-50B828FFD223}.Release|Any CPU.ActiveCfg = Release|Any CPU
		{C62D8E27-6FE1-46CA-A599-50B828FFD223}.Release|Any CPU.Build.0 = Release|Any CPU
		{6D0C0F67-7273-4F9D-931F-0AB87C465658}.Debug|Any CPU.ActiveCfg = Debug|Any CPU
		{6D0C0F67-7273-4F9D-931F-0AB87C465658}.Debug|Any CPU.Build.0 = Debug|Any CPU
		{6D0C0F67-7273-4F9D-931F-0AB87C465658}.Release|Any CPU.ActiveCfg = Release|Any CPU
		{6D0C0F67-7273-4F9D-931F-0AB87C465658}.Release|Any CPU.Build.0 = Release|Any CPU
	EndGlobalSection
	GlobalSection(SolutionProperties) = preSolution
		HideSolutionNode = FALSE
	EndGlobalSection
	GlobalSection(ExtensibilityGlobals) = postSolution
		SolutionGuid = {D3B33291-67BA-46F8-A6C4-D2D647AFE661}
	EndGlobalSection
EndGlobal
